<?xml version="1.0" encoding="utf-8"?>
<Project ToolsVersion="4.0" xmlns="http://schemas.microsoft.com/developer/msbuild/2003">
  <ItemGroup>
    <Filter Include="Header Files">
      <UniqueIdentifier>{61054ea5-69c1-4aec-b265-1600dadcbea4}</UniqueIdentifier>
      <Extensions>h;hpp;hxx;hm;inl</Extensions>
    </Filter>
    <Filter Include="Resource Files">
      <UniqueIdentifier>{fa668906-e321-4ed2-82db-c2f3f288fe57}</UniqueIdentifier>
      <Extensions>ico;cur;bmp;dlg;rc2;rct;bin;rgs;gif;jpg;jpeg;jpe</Extensions>
    </Filter>
    <Filter Include="X_GUI">
      <UniqueIdentifier>{c1cc9e64-8d4a-436a-8a20-999fe9605deb}</UniqueIdentifier>
    </Filter>
    <Filter Include="X_GUI_Drv">
      <UniqueIdentifier>{c1d9d0c0-6798-428a-91ab-10f863bc7d42}</UniqueIdentifier>
    </Filter>
    <Filter Include="GUI_App">
      <UniqueIdentifier>{de0c3f09-9677-44da-9818-1f8b58dcc3eb}</UniqueIdentifier>
    </Filter>
    <Filter Include="X_GUI_Arch">
      <UniqueIdentifier>{630e9e86-839b-4f16-9954-b7523e6ce873}</UniqueIdentifier>
    </Filter>
    <Filter Include="SIM">
      <UniqueIdentifier>{f1380e35-aa04-4ad2-bcfb-051b08a5d592}</UniqueIdentifier>
      <Extensions>cpp;c;cxx;rc;def;r;odl;idl;hpj;bat</Extensions>
    </Filter>
    <Filter Include="data">
      <UniqueIdentifier>{539e36f4-4f8a-4582-9f0b-297e99d3aed1}</UniqueIdentifier>
    </Filter>
    <Filter Include="data\font">
      <UniqueIdentifier>{61a62ed3-75cd-4c66-9dca-b003706e926a}</UniqueIdentifier>
    </Filter>
    <Filter Include="data\pic">
      <UniqueIdentifier>{442c4d3c-0070-45c5-a935-2d07d44c6b91}</UniqueIdentifier>
    </Filter>
    <Filter Include="NewFilter1">
      <UniqueIdentifier>{5c44b25a-a84b-4318-b4ff-d64c9b7745e2}</UniqueIdentifier>
    </Filter>
    <Filter Include="X_GUI\OEM_Face">
      <UniqueIdentifier>{b61bb4a8-8c9f-432e-b95a-b943d2c8ea90}</UniqueIdentifier>
    </Filter>
  </ItemGroup>
  <ItemGroup>
    <ClCompile Include="..\X_GUI_SIM.cpp">
      <Filter>SIM</Filter>
    </ClCompile>
    <ClCompile Include="..\X_GUI_Drv\KeyDev_WIN32.c">
      <Filter>X_GUI_Drv</Filter>
    </ClCompile>
    <ClCompile Include="..\X_GUI_Drv\MouseDev_WIN32.c">
      <Filter>X_GUI_Drv</Filter>
    </ClCompile>
    <ClCompile Include="..\GUI_App\GUI_App.c">
      <Filter>GUI_App</Filter>
    </ClCompile>
    <ClCompile Include="..\GUI_App\GUI_DEMO\GUI_DEMO_Button.c">
      <Filter>GUI_App</Filter>
    </ClCompile>
    <ClCompile Include="..\X_GUI_Arch\Resource\xft_font\GB2312_16_4BPP.c">
      <Filter>X_GUI_Arch</Filter>
    </ClCompile>
    <ClCompile Include="..\X_GUI_Arch\GUI_Arch.c">
      <Filter>X_GUI_Arch</Filter>
    </ClCompile>
    <ClCompile Include="..\X_GUI_Arch\OS_Options\X_GUI_WIN32.c">
      <Filter>X_GUI_Arch</Filter>
    </ClCompile>
    <ClCompile Include="..\X_GUI_Arch\GUI_GPU.c">
      <Filter>X_GUI_Arch</Filter>
    </ClCompile>
    <ClCompile Include="..\GUI_App\GUI_DEMO\GUI_DEMO_Hello.c">
      <Filter>GUI_App</Filter>
    </ClCompile>
    <ClCompile Include="..\GUI_App\GUI_DEMO\GUI_DEMO_Checkbox.c">
      <Filter>GUI_App</Filter>
    </ClCompile>
    <ClCompile Include="..\GUI_App\GUI_DEMO\GUI_DEMO_Drawbitmap.c">
      <Filter>GUI_App</Filter>
    </ClCompile>
    <ClCompile Include="..\GUI_App\GUI_DEMO\GUI_DEMO_Listbox.c">
      <Filter>GUI_App</Filter>
    </ClCompile>
    <ClCompile Include="..\GUI_App\GUI_DEMO\GUI_DEMO_Messagebox.c">
      <Filter>GUI_App</Filter>
    </ClCompile>
    <ClCompile Include="..\GUI_App\GUI_DEMO\GUI_DEMO_Progressbar.c">
      <Filter>GUI_App</Filter>
    </ClCompile>
    <ClCompile Include="..\GUI_App\GUI_DEMO\GUI_DEMO_Radiobox.c">
      <Filter>GUI_App</Filter>
    </ClCompile>
    <ClCompile Include="..\GUI_App\GUI_DEMO\GUI_DEMO_RectSpeed.c">
      <Filter>GUI_App</Filter>
    </ClCompile>
    <ClCompile Include="..\GUI_App\GUI_DEMO\GUI_DEMO_ScaleBitmap.c">
      <Filter>GUI_App</Filter>
    </ClCompile>
    <ClCompile Include="..\GUI_App\GUI_DEMO\GUI_DEMO_Scrollbar.c">
      <Filter>GUI_App</Filter>
    </ClCompile>
    <ClCompile Include="..\GUI_App\GUI_DEMO\GUI_DEMO_Textbox.c">
      <Filter>GUI_App</Filter>
    </ClCompile>
    <ClCompile Include="..\GUI_App\GUI_DEMO\GUI_DEMO_TextOut.c">
      <Filter>GUI_App</Filter>
    </ClCompile>
    <ClCompile Include="..\GUI_App\GUI_DEMO\GUI_DEMO_Drive_Panel.c">
      <Filter>GUI_App</Filter>
    </ClCompile>
    <ClCompile Include="..\X_GUI_Drv\gui_desktop.c">
      <Filter>X_GUI_Drv</Filter>
    </ClCompile>
    <ClCompile Include="..\X_GUI_Drv\gui_font_port.c">
      <Filter>X_GUI_Drv</Filter>
    </ClCompile>
    <ClCompile Include="..\X_GUI_Drv\gui_input_port.c">
      <Filter>X_GUI_Drv</Filter>
    </ClCompile>
    <ClCompile Include="..\X_GUI_Drv\gui_lcd_port.c">
      <Filter>X_GUI_Drv</Filter>
    </ClCompile>
    <ClCompile Include="..\X_GUI_Drv\gui_log_port.c">
      <Filter>X_GUI_Drv</Filter>
    </ClCompile>
    <ClCompile Include="..\X_GUI_Drv\gui_mem_port.c">
      <Filter>X_GUI_Drv</Filter>
    </ClCompile>
    <ClCompile Include="..\X_GUI_Drv\gui_picture_port.c">
      <Filter>X_GUI_Drv</Filter>
    </ClCompile>
    <ClCompile Include="..\X_GUI_Drv\gui_resource_port.c">
      <Filter>X_GUI_Drv</Filter>
    </ClCompile>
    <ClCompile Include="..\X_GUI_Drv\gui_startup.c">
      <Filter>X_GUI_Drv</Filter>
    </ClCompile>
    <ClCompile Include="..\GUI_App\GUI_DEMO\GUI_DEMO_DrawJPEG.c">
      <Filter>GUI_App</Filter>
    </ClCompile>
    <ClCompile Include="..\GUI_App\GUI_DEMO\GUI_DEMO_DrawPNG.c">
      <Filter>GUI_App</Filter>
    </ClCompile>
    <ClCompile Include="..\GUI_App\GUI_DEMO\GUI_DEMO_DrawJPEG_Extern.c">
      <Filter>GUI_App</Filter>
    </ClCompile>
    <ClCompile Include="..\GUI_App\GUI_DEMO\GUI_DEMO_Drawbitmap_Extern.c">
      <Filter>GUI_App</Filter>
    </ClCompile>
    <ClCompile Include="..\GUI_App\GUI_DEMO\GUI_DEMO_BitBlt_Speed.c">
      <Filter>GUI_App</Filter>
    </ClCompile>
    <ClCompile Include="..\GUI_App\GUI_DEMO\GUI_DEMO_BMP_Speed.c">
      <Filter>GUI_App</Filter>
    </ClCompile>
    <ClCompile Include="..\GUI_App\GUI_DEMO\GUI_DEMO_DrawGIF.c">
      <Filter>GUI_App</Filter>
    </ClCompile>
    <ClCompile Include="..\GUI_App\GUI_DEMO\GUI_DEMO_DrawGIF_Extern.c">
      <Filter>GUI_App</Filter>
    </ClCompile>
    <ClCompile Include="..\GUI_App\GUI_DEMO\GUI_DEMO_CustomWidget.c">
      <Filter>GUI_App</Filter>
    </ClCompile>
    <ClCompile Include="..\GUI_App\GUI_DEMO\GUI_DEMO_Number_Keyboard.c">
      <Filter>GUI_App</Filter>
    </ClCompile>
    <ClCompile Include="..\GUI_App\GUI_DEMO\GUI_DEMO_FileExpoler.c">
      <Filter>GUI_App</Filter>
    </ClCompile>
    <ClCompile Include="..\GUI_App\GUI_DEMO\GUI_DEMO_FileExpoler_Port.c">
      <Filter>GUI_App</Filter>
    </ClCompile>
    <ClCompile Include="..\GUI_App\GUI_DEMO\GUI_DEMO_Graphics_Accelerator.c">
      <Filter>GUI_App</Filter>
    </ClCompile>
    <ClCompile Include="..\GUI_App\GUI_DEMO\GUI_DEMO_LogoIconFont.c">
      <Filter>GUI_App</Filter>
    </ClCompile>
    <ClCompile Include="..\GUI_App\GUI_DEMO\x_obj.cpp">
      <Filter>GUI_App</Filter>
    </ClCompile>
    <ClCompile Include="..\GUI_App\GUI_DEMO\GUI_DEMO_ShowWave.cpp">
      <Filter>GUI_App</Filter>
    </ClCompile>
    <ClCompile Include="..\X_GUI\resource\ASCII_20_4BPP.c">
      <Filter>data\font</Filter>
    </ClCompile>
    <ClCompile Include="..\X_GUI\resource\ASCII_24_4BPP.c">
      <Filter>data\font</Filter>
    </ClCompile>
    <ClCompile Include="..\GUI_App\GUI_DEMO\res\ASCII_32_4BPP.c">
      <Filter>data\font</Filter>
    </ClCompile>
    <ClCompile Include="..\GUI_App\GUI_DEMO\res\ASCII_40_4BPP.c">
      <Filter>data\font</Filter>
    </ClCompile>
    <ClCompile Include="..\X_GUI\resource\CONTROL_60_4BPP.c">
      <Filter>data\font</Filter>
    </ClCompile>
    <ClCompile Include="..\X_GUI\resource\ICON_100_4BPP.c">
      <Filter>data\font</Filter>
    </ClCompile>
    <ClCompile Include="..\X_GUI\resource\LOGO_50_4BPP.c">
      <Filter>data\font</Filter>
    </ClCompile>
    <ClCompile Include="..\GUI_App\GUI_DEMO\res\0.c">
      <Filter>data\pic</Filter>
    </ClCompile>
    <ClCompile Include="..\GUI_App\GUI_DEMO\res\1.c">
      <Filter>data\pic</Filter>
    </ClCompile>
    <ClCompile Include="..\GUI_App\GUI_DEMO\res\5.c">
      <Filter>data\pic</Filter>
    </ClCompile>
    <ClCompile Include="..\GUI_App\GUI_DEMO\res\bmp_index8.c">
      <Filter>data\pic</Filter>
    </ClCompile>
    <ClCompile Include="..\GUI_App\GUI_DEMO\res\bmp_rgb565.c">
      <Filter>data\pic</Filter>
    </ClCompile>
    <ClCompile Include="..\GUI_App\GUI_DEMO\res\bmp_rgb888.c">
      <Filter>data\pic</Filter>
    </ClCompile>
    <ClCompile Include="..\GUI_App\GUI_DEMO\res\king.c">
      <Filter>data\pic</Filter>
    </ClCompile>
    <ClCompile Include="..\GUI_App\GUI_DEMO\res\redfish.c">
      <Filter>data\pic</Filter>
    </ClCompile>
    <ClCompile Include="..\GUI_App\GUI_DEMO\res\tiger_jpg.c">
      <Filter>data\pic</Filter>
    </ClCompile>
    <ClCompile Include="..\GUI_App\GUI_DEMO\GUI_DEMO_MoveWindow.c">
      <Filter>GUI_App</Filter>
    </ClCompile>
    <ClCompile Include="..\GUI_App\GUI_DEMO\GUI_DEMO_MultiWindow.c">
      <Filter>GUI_App</Filter>
    </ClCompile>
    <ClCompile Include="..\GUI_App\GUI_DEMO\GUI_DEMO_WatchTime.c">
      <Filter>GUI_App</Filter>
    </ClCompile>
    <ClCompile Include="..\GUI_App\GUI_DEMO\res\SEG_NUM_64.c">
      <Filter>data\font</Filter>
    </ClCompile>
    <ClCompile Include="..\GUI_App\GUI_DEMO\GUI_DEMO_MultiWindow2.c">
      <Filter>GUI_App</Filter>
    </ClCompile>
    <ClCompile Include="..\GUI_App\GUI_DEMO\GUI_DEMO_RotateIcon.c">
      <Filter>GUI_App</Filter>
    </ClCompile>
    <ClCompile Include="..\GUI_App\GUI_DEMO\GUI_DEMO_RadiaMenu.c">
      <Filter>GUI_App</Filter>
    </ClCompile>
    <ClCompile Include="..\GUI_App\GUI_DEMO\GUI_DEMO_Rotatebitmap.cpp">
      <Filter>GUI_App</Filter>
    </ClCompile>
    <ClCompile Include="..\X_GUI\OEM_Face\OEM_Button.c">
      <Filter>X_GUI\OEM_Face</Filter>
    </ClCompile>
    <ClCompile Include="..\X_GUI\OEM_Face\OEM_CheckBox.c">
      <Filter>X_GUI\OEM_Face</Filter>
    </ClCompile>
    <ClCompile Include="..\X_GUI\OEM_Face\OEM_GroupBox.c">
      <Filter>X_GUI\OEM_Face</Filter>
    </ClCompile>
    <ClCompile Include="..\X_GUI\OEM_Face\OEM_ListBox.c">
      <Filter>X_GUI\OEM_Face</Filter>
    </ClCompile>
    <ClCompile Include="..\X_GUI\OEM_Face\OEM_ProgressBar.c">
      <Filter>X_GUI\OEM_Face</Filter>
    </ClCompile>
    <ClCompile Include="..\X_GUI\OEM_Face\OEM_RadioBox.c">
      <Filter>X_GUI\OEM_Face</Filter>
    </ClCompile>
    <ClCompile Include="..\X_GUI\OEM_Face\OEM_ScrollBar.c">
      <Filter>X_GUI\OEM_Face</Filter>
    </ClCompile>
    <ClCompile Include="..\X_GUI\OEM_Face\OEM_TextBox.c">
      <Filter>X_GUI\OEM_Face</Filter>
    </ClCompile>
  </ItemGroup>
  <ItemGroup>
    <ClInclude Include="resource.h">
      <Filter>Header Files</Filter>
    </ClInclude>
    <ClInclude Include="StdAfx.h">
      <Filter>Header Files</Filter>
    </ClInclude>
    <ClInclude Include="..\X_GUI\def.h">
      <Filter>X_GUI</Filter>
    </ClInclude>
    <ClInclude Include="..\X_GUI\emXGUI.h">
      <Filter>X_GUI</Filter>
    </ClInclude>
    <ClInclude Include="..\X_GUI\emXGUI_Arch.h">
      <Filter>X_GUI</Filter>
    </ClInclude>
    <ClInclude Include="..\X_GUI\GUI_Font_XFT.h">
      <Filter>X_GUI</Filter>
    </ClInclude>
    <ClInclude Include="..\X_GUI\x_libc.h">
      <Filter>X_GUI</Filter>
    </ClInclude>
    <ClInclude Include="..\X_GUI_Drv\gui_drv_cfg.h">
      <Filter>X_GUI_Drv</Filter>
    </ClInclude>
    <ClInclude Include="resource1.h">
      <Filter>Header Files</Filter>
    </ClInclude>
    <ClInclude Include="..\X_GUI\emXGUI_JPEG.h">
      <Filter>X_GUI</Filter>
    </ClInclude>
    <ClInclude Include="..\X_GUI_Arch\Inc\GUI_Drv.h">
      <Filter>X_GUI_Drv</Filter>
    </ClInclude>
    <ClInclude Include="..\GUI_App\GUI_DEMO\GUI_DEMO_FileExpoler_Port.h">
      <Filter>GUI_App</Filter>
    </ClInclude>
    <ClInclude Include="..\GUI_App\GUI_DEMO\GUI_AppDef.h">
      <Filter>GUI_App</Filter>
    </ClInclude>
    <ClInclude Include="..\GUI_App\GUI_DEMO\x_obj.h">
      <Filter>GUI_App</Filter>
    </ClInclude>
    <ClInclude Include="..\X_GUI\list.h">
      <Filter>GUI_App</Filter>
    </ClInclude>
  </ItemGroup>
  <ItemGroup>
    <Image Include="small.ico">
      <Filter>Resource Files</Filter>
    </Image>
    <Image Include="X_GUI_SIM.ico">
      <Filter>Resource Files</Filter>
    </Image>
  </ItemGroup>
  <ItemGroup>
    <Text Include="ReadMe.txt" />
    <Text Include="..\X_GUI_Drv\说明.txt">
      <Filter>X_GUI_Drv</Filter>
    </Text>
  </ItemGroup>
  <ItemGroup>
    <ResourceCompile Include="X_GUI_SIM1.rc">
      <Filter>SIM</Filter>
    </ResourceCompile>
  </ItemGroup>
</Project>