
Microsoft Visual Studio Solution File, Format Version 12.00
# Visual Studio 2013
VisualStudioVersion = 12.0.21005.1
MinimumVisualStudioVersion = 10.0.40219.1
Project("{8BC9CEB8-8B4A-11D0-8D11-00A0C91BC942}") = "X_GUI_SIM", "X_GUI_SIM.vcxproj", "{7AAD7994-4310-4C79-8708-05D41EF5F381}"
EndProject
Global
	GlobalSection(SolutionConfigurationPlatforms) = preSolution
		Debug|Win32 = Debug|Win32
		Release|Win32 = Release|Win32
		Template|Win32 = Template|Win32
	EndGlobalSection
	GlobalSection(ProjectConfigurationPlatforms) = postSolution
		{7AAD7994-4310-4C79-8708-05D41EF5F381}.Debug|Win32.ActiveCfg = Debug|Win32
		{7AAD7994-4310-4C79-8708-05D41EF5F381}.Debug|Win32.Build.0 = Debug|Win32
		{7AAD7994-4310-4C79-8708-05D41EF5F381}.Release|Win32.ActiveCfg = Release|Win32
		{7AAD7994-4310-4C79-8708-05D41EF5F381}.Release|Win32.Build.0 = Release|Win32
		{7AAD7994-4310-4C79-8708-05D41EF5F381}.Template|Win32.ActiveCfg = Template|Win32
		{7AAD7994-4310-4C79-8708-05D41EF5F381}.Template|Win32.Build.0 = Template|Win32
	EndGlobalSection
	GlobalSection(SolutionProperties) = preSolution
		HideSolutionNode = FALSE
	EndGlobalSection
EndGlobal
